// !$*UTF8*$!
{
	archiveVersion = 1;
	classes = {
	};
	objectVersion = 51;
	objects = {

/* Begin PBXBuildFile section */
		134E07C665CD234D0B1817FF /* Pods_ARCoreLocationLesson.framework in Frameworks */ = {isa = PBXBuildFile; fileRef = 00CD5C95708153CED2EC933B /* Pods_ARCoreLocationLesson.framework */; };
		1865DCA124FEAD01006036A8 /* LogoutView.swift in Sources */ = {isa = PBXBuildFile; fileRef = 1865DCA024FEAD01006036A8 /* LogoutView.swift */; };
		18D262F324ED6C38003972F0 /* AppDelegate.swift in Sources */ = {isa = PBXBuildFile; fileRef = 18D262F224ED6C38003972F0 /* AppDelegate.swift */; };
		18D262F524ED6C38003972F0 /* SceneDelegate.swift in Sources */ = {isa = PBXBuildFile; fileRef = 18D262F424ED6C38003972F0 /* SceneDelegate.swift */; };
		18D262F724ED6C38003972F0 /* ARViewController.swift in Sources */ = {isa = PBXBuildFile; fileRef = 18D262F624ED6C38003972F0 /* ARViewController.swift */; };
		18D262FA24ED6C38003972F0 /* Main.storyboard in Resources */ = {isa = PBXBuildFile; fileRef = 18D262F824ED6C38003972F0 /* Main.storyboard */; };
		18D262FC24ED6C3B003972F0 /* Assets.xcassets in Resources */ = {isa = PBXBuildFile; fileRef = 18D262FB24ED6C3B003972F0 /* Assets.xcassets */; };
		18D262FF24ED6C3B003972F0 /* LaunchScreen.storyboard in Resources */ = {isa = PBXBuildFile; fileRef = 18D262FD24ED6C3B003972F0 /* LaunchScreen.storyboard */; };
		18D28EC624EE968800BDEF49 /* Utility.swift in Sources */ = {isa = PBXBuildFile; fileRef = 18D28EC524EE968800BDEF49 /* Utility.swift */; };
		18D28EC824EEA78F00BDEF49 /* LocomiViewController.swift in Sources */ = {isa = PBXBuildFile; fileRef = 18D28EC724EEA78F00BDEF49 /* LocomiViewController.swift */; };
		18D28ECF24EF95A800BDEF49 /* APIRequest.swift in Sources */ = {isa = PBXBuildFile; fileRef = 18D28ECE24EF95A800BDEF49 /* APIRequest.swift */; };
		18D28ED124EF960800BDEF49 /* Struct.swift in Sources */ = {isa = PBXBuildFile; fileRef = 18D28ED024EF960800BDEF49 /* Struct.swift */; };
		18D28ED924EFFF6300BDEF49 /* PostView.swift in Sources */ = {isa = PBXBuildFile; fileRef = 18D28ED824EFFF6300BDEF49 /* PostView.swift */; };
		18D28EDB24F0001600BDEF49 /* AccountViewController.swift in Sources */ = {isa = PBXBuildFile; fileRef = 18D28EDA24F0001600BDEF49 /* AccountViewController.swift */; };
		18D28EDD24F000E900BDEF49 /* LoginView.swift in Sources */ = {isa = PBXBuildFile; fileRef = 18D28EDC24F000E900BDEF49 /* LoginView.swift */; };
		18D28EDF24F001A800BDEF49 /* KeyChain.swift in Sources */ = {isa = PBXBuildFile; fileRef = 18D28EDE24F001A800BDEF49 /* KeyChain.swift */; };
		18D28EE224F0094500BDEF49 /* LocationManager.swift in Sources */ = {isa = PBXBuildFile; fileRef = 18D28EE124F0094500BDEF49 /* LocationManager.swift */; };
/* End PBXBuildFile section */

/* Begin PBXFileReference section */
		00CD5C95708153CED2EC933B /* Pods_ARCoreLocationLesson.framework */ = {isa = PBXFileReference; explicitFileType = wrapper.framework; includeInIndex = 0; path = Pods_ARCoreLocationLesson.framework; sourceTree = BUILT_PRODUCTS_DIR; };
		1865DCA024FEAD01006036A8 /* LogoutView.swift */ = {isa = PBXFileReference; lastKnownFileType = sourcecode.swift; path = LogoutView.swift; sourceTree = "<group>"; };
		18D262EF24ED6C38003972F0 /* ARCoreLocationLesson.app */ = {isa = PBXFileReference; explicitFileType = wrapper.application; includeInIndex = 0; path = ARCoreLocationLesson.app; sourceTree = BUILT_PRODUCTS_DIR; };
		18D262F224ED6C38003972F0 /* AppDelegate.swift */ = {isa = PBXFileReference; lastKnownFileType = sourcecode.swift; path = AppDelegate.swift; sourceTree = "<group>"; };
		18D262F424ED6C38003972F0 /* SceneDelegate.swift */ = {isa = PBXFileReference; lastKnownFileType = sourcecode.swift; path = SceneDelegate.swift; sourceTree = "<group>"; };
		18D262F624ED6C38003972F0 /* ARViewController.swift */ = {isa = PBXFileReference; lastKnownFileType = sourcecode.swift; path = ARViewController.swift; sourceTree = "<group>"; };
		18D262F924ED6C38003972F0 /* Base */ = {isa = PBXFileReference; lastKnownFileType = file.storyboard; name = Base; path = Base.lproj/Main.storyboard; sourceTree = "<group>"; };
		18D262FB24ED6C3B003972F0 /* Assets.xcassets */ = {isa = PBXFileReference; lastKnownFileType = folder.assetcatalog; path = Assets.xcassets; sourceTree = "<group>"; };
		18D262FE24ED6C3B003972F0 /* Base */ = {isa = PBXFileReference; lastKnownFileType = file.storyboard; name = Base; path = Base.lproj/LaunchScreen.storyboard; sourceTree = "<group>"; };
		18D2630024ED6C3B003972F0 /* Info.plist */ = {isa = PBXFileReference; lastKnownFileType = text.plist.xml; path = Info.plist; sourceTree = "<group>"; };
		18D28EC524EE968800BDEF49 /* Utility.swift */ = {isa = PBXFileReference; lastKnownFileType = sourcecode.swift; path = Utility.swift; sourceTree = "<group>"; };
		18D28EC724EEA78F00BDEF49 /* LocomiViewController.swift */ = {isa = PBXFileReference; lastKnownFileType = sourcecode.swift; path = LocomiViewController.swift; sourceTree = "<group>"; };
		18D28ECE24EF95A800BDEF49 /* APIRequest.swift */ = {isa = PBXFileReference; lastKnownFileType = sourcecode.swift; path = APIRequest.swift; sourceTree = "<group>"; };
		18D28ED024EF960800BDEF49 /* Struct.swift */ = {isa = PBXFileReference; lastKnownFileType = sourcecode.swift; path = Struct.swift; sourceTree = "<group>"; };
		18D28ED824EFFF6300BDEF49 /* PostView.swift */ = {isa = PBXFileReference; lastKnownFileType = sourcecode.swift; path = PostView.swift; sourceTree = "<group>"; };
		18D28EDA24F0001600BDEF49 /* AccountViewController.swift */ = {isa = PBXFileReference; lastKnownFileType = sourcecode.swift; path = AccountViewController.swift; sourceTree = "<group>"; };
		18D28EDC24F000E900BDEF49 /* LoginView.swift */ = {isa = PBXFileReference; lastKnownFileType = sourcecode.swift; path = LoginView.swift; sourceTree = "<group>"; };
		18D28EDE24F001A800BDEF49 /* KeyChain.swift */ = {isa = PBXFileReference; lastKnownFileType = sourcecode.swift; path = KeyChain.swift; sourceTree = "<group>"; };
		18D28EE124F0094500BDEF49 /* LocationManager.swift */ = {isa = PBXFileReference; lastKnownFileType = sourcecode.swift; path = LocationManager.swift; sourceTree = "<group>"; };
		46D8AF09C5487EA724044E22 /* Pods-ARCoreLocationLesson.release.xcconfig */ = {isa = PBXFileReference; includeInIndex = 1; lastKnownFileType = text.xcconfig; name = "Pods-ARCoreLocationLesson.release.xcconfig"; path = "Target Support Files/Pods-ARCoreLocationLesson/Pods-ARCoreLocationLesson.release.xcconfig"; sourceTree = "<group>"; };
		47CCB22862FEFD2901297F09 /* Pods-ARCoreLocationLesson.debug.xcconfig */ = {isa = PBXFileReference; includeInIndex = 1; lastKnownFileType = text.xcconfig; name = "Pods-ARCoreLocationLesson.debug.xcconfig"; path = "Target Support Files/Pods-ARCoreLocationLesson/Pods-ARCoreLocationLesson.debug.xcconfig"; sourceTree = "<group>"; };
/* End PBXFileReference section */

/* Begin PBXFrameworksBuildPhase section */
		18D262EC24ED6C38003972F0 /* Frameworks */ = {
			isa = PBXFrameworksBuildPhase;
			buildActionMask = 2147483647;
			files = (
				134E07C665CD234D0B1817FF /* Pods_ARCoreLocationLesson.framework in Frameworks */,
			);
			runOnlyForDeploymentPostprocessing = 0;
		};
/* End PBXFrameworksBuildPhase section */

/* Begin PBXGroup section */
		18D262E624ED6C38003972F0 = {
			isa = PBXGroup;
			children = (
				18D28EC424EE966A00BDEF49 /* Utilities */,
				18D28EE024F0092400BDEF49 /* Managers */,
				18D262F124ED6C38003972F0 /* ARCoreLocationLesson */,
				18D28ECD24EF958900BDEF49 /* Models */,
				18D262F024ED6C38003972F0 /* Products */,
				D76BEC47F8DB4272544A3B36 /* Pods */,
				EF525CD27545CA212AC48069 /* Frameworks */,
			);
			sourceTree = "<group>";
		};
		18D262F024ED6C38003972F0 /* Products */ = {
			isa = PBXGroup;
			children = (
				18D262EF24ED6C38003972F0 /* ARCoreLocationLesson.app */,
			);
			name = Products;
			sourceTree = "<group>";
		};
		18D262F124ED6C38003972F0 /* ARCoreLocationLesson */ = {
			isa = PBXGroup;
			children = (
				18D262F224ED6C38003972F0 /* AppDelegate.swift */,
				18D262F424ED6C38003972F0 /* SceneDelegate.swift */,
				18D262F624ED6C38003972F0 /* ARViewController.swift */,
				18D28ED824EFFF6300BDEF49 /* PostView.swift */,
				18D28EC724EEA78F00BDEF49 /* LocomiViewController.swift */,
				18D28EDA24F0001600BDEF49 /* AccountViewController.swift */,
				18D28EDC24F000E900BDEF49 /* LoginView.swift */,
				1865DCA024FEAD01006036A8 /* LogoutView.swift */,
				18D262F824ED6C38003972F0 /* Main.storyboard */,
				18D262FB24ED6C3B003972F0 /* Assets.xcassets */,
				18D262FD24ED6C3B003972F0 /* LaunchScreen.storyboard */,
				18D2630024ED6C3B003972F0 /* Info.plist */,
			);
			path = ARCoreLocationLesson;
			sourceTree = "<group>";
		};
		18D28EC424EE966A00BDEF49 /* Utilities */ = {
			isa = PBXGroup;
			children = (
				18D28EC524EE968800BDEF49 /* Utility.swift */,
			);
			path = Utilities;
			sourceTree = "<group>";
		};
		18D28ECD24EF958900BDEF49 /* Models */ = {
			isa = PBXGroup;
			children = (
				18D28ECE24EF95A800BDEF49 /* APIRequest.swift */,
				18D28ED024EF960800BDEF49 /* Struct.swift */,
				18D28EDE24F001A800BDEF49 /* KeyChain.swift */,
			);
			path = Models;
			sourceTree = "<group>";
		};
		18D28EE024F0092400BDEF49 /* Managers */ = {
			isa = PBXGroup;
			children = (
				18D28EE124F0094500BDEF49 /* LocationManager.swift */,
			);
			path = Managers;
			sourceTree = "<group>";
		};
		D76BEC47F8DB4272544A3B36 /* Pods */ = {
			isa = PBXGroup;
			children = (
				47CCB22862FEFD2901297F09 /* Pods-ARCoreLocationLesson.debug.xcconfig */,
				46D8AF09C5487EA724044E22 /* Pods-ARCoreLocationLesson.release.xcconfig */,
			);
			path = Pods;
			sourceTree = "<group>";
		};
		EF525CD27545CA212AC48069 /* Frameworks */ = {
			isa = PBXGroup;
			children = (
				00CD5C95708153CED2EC933B /* Pods_ARCoreLocationLesson.framework */,
			);
			name = Frameworks;
			sourceTree = "<group>";
		};
/* End PBXGroup section */

/* Begin PBXNativeTarget section */
		18D262EE24ED6C38003972F0 /* ARCoreLocationLesson */ = {
			isa = PBXNativeTarget;
			buildConfigurationList = 18D2630324ED6C3B003972F0 /* Build configuration list for PBXNativeTarget "ARCoreLocationLesson" */;
			buildPhases = (
				7AD07C11A99FD956866473B6 /* [CP] Check Pods Manifest.lock */,
				18D262EB24ED6C38003972F0 /* Sources */,
				18D262EC24ED6C38003972F0 /* Frameworks */,
				18D262ED24ED6C38003972F0 /* Resources */,
				C9EE413040509BEF94BA51B3 /* [CP] Embed Pods Frameworks */,
			);
			buildRules = (
			);
			dependencies = (
			);
			name = ARCoreLocationLesson;
			productName = ARCoreLocationLesson;
			productReference = 18D262EF24ED6C38003972F0 /* ARCoreLocationLesson.app */;
			productType = "com.apple.product-type.application";
		};
/* End PBXNativeTarget section */

/* Begin PBXProject section */
		18D262E724ED6C38003972F0 /* Project object */ = {
			isa = PBXProject;
			attributes = {
				LastSwiftUpdateCheck = 1150;
				LastUpgradeCheck = 1150;
				ORGANIZATIONNAME = "Sogo Nishihara";
				TargetAttributes = {
					18D262EE24ED6C38003972F0 = {
						CreatedOnToolsVersion = 11.5;
					};
				};
			};
			buildConfigurationList = 18D262EA24ED6C38003972F0 /* Build configuration list for PBXProject "ARCoreLocationLesson" */;
			compatibilityVersion = "Xcode 9.3";
			developmentRegion = en;
			hasScannedForEncodings = 0;
			knownRegions = (
				en,
				Base,
			);
			mainGroup = 18D262E624ED6C38003972F0;
			productRefGroup = 18D262F024ED6C38003972F0 /* Products */;
			projectDirPath = "";
			projectRoot = "";
			targets = (
				18D262EE24ED6C38003972F0 /* ARCoreLocationLesson */,
			);
		};
/* End PBXProject section */

/* Begin PBXResourcesBuildPhase section */
		18D262ED24ED6C38003972F0 /* Resources */ = {
			isa = PBXResourcesBuildPhase;
			buildActionMask = 2147483647;
			files = (
				18D262FF24ED6C3B003972F0 /* LaunchScreen.storyboard in Resources */,
				18D262FC24ED6C3B003972F0 /* Assets.xcassets in Resources */,
				18D262FA24ED6C38003972F0 /* Main.storyboard in Resources */,
			);
			runOnlyForDeploymentPostprocessing = 0;
		};
/* End PBXResourcesBuildPhase section */

/* Begin PBXShellScriptBuildPhase section */
		7AD07C11A99FD956866473B6 /* [CP] Check Pods Manifest.lock */ = {
			isa = PBXShellScriptBuildPhase;
			buildActionMask = 2147483647;
			files = (
			);
			inputFileListPaths = (
			);
			inputPaths = (
				"${PODS_PODFILE_DIR_PATH}/Podfile.lock",
				"${PODS_ROOT}/Manifest.lock",
			);
			name = "[CP] Check Pods Manifest.lock";
			outputFileListPaths = (
			);
			outputPaths = (
				"$(DERIVED_FILE_DIR)/Pods-ARCoreLocationLesson-checkManifestLockResult.txt",
			);
			runOnlyForDeploymentPostprocessing = 0;
			shellPath = /bin/sh;
			shellScript = "diff \"${PODS_PODFILE_DIR_PATH}/Podfile.lock\" \"${PODS_ROOT}/Manifest.lock\" > /dev/null\nif [ $? != 0 ] ; then\n    # print error to STDERR\n    echo \"error: The sandbox is not in sync with the Podfile.lock. Run 'pod install' or update your CocoaPods installation.\" >&2\n    exit 1\nfi\n# This output is used by Xcode 'outputs' to avoid re-running this script phase.\necho \"SUCCESS\" > \"${SCRIPT_OUTPUT_FILE_0}\"\n";
			showEnvVarsInLog = 0;
		};
		C9EE413040509BEF94BA51B3 /* [CP] Embed Pods Frameworks */ = {
			isa = PBXShellScriptBuildPhase;
			buildActionMask = 2147483647;
			files = (
			);
			inputFileListPaths = (
				"${PODS_ROOT}/Target Support Files/Pods-ARCoreLocationLesson/Pods-ARCoreLocationLesson-frameworks-${CONFIGURATION}-input-files.xcfilelist",
			);
			name = "[CP] Embed Pods Frameworks";
			outputFileListPaths = (
				"${PODS_ROOT}/Target Support Files/Pods-ARCoreLocationLesson/Pods-ARCoreLocationLesson-frameworks-${CONFIGURATION}-output-files.xcfilelist",
			);
			runOnlyForDeploymentPostprocessing = 0;
			shellPath = /bin/sh;
			shellScript = "\"${PODS_ROOT}/Target Support Files/Pods-ARCoreLocationLesson/Pods-ARCoreLocationLesson-frameworks.sh\"\n";
			showEnvVarsInLog = 0;
		};
/* End PBXShellScriptBuildPhase section */

/* Begin PBXSourcesBuildPhase section */
		18D262EB24ED6C38003972F0 /* Sources */ = {
			isa = PBXSourcesBuildPhase;
			buildActionMask = 2147483647;
			files = (
				18D28EDF24F001A800BDEF49 /* KeyChain.swift in Sources */,
				18D28EC624EE968800BDEF49 /* Utility.swift in Sources */,
				1865DCA124FEAD01006036A8 /* LogoutView.swift in Sources */,
				18D262F724ED6C38003972F0 /* ARViewController.swift in Sources */,
				18D28ED924EFFF6300BDEF49 /* PostView.swift in Sources */,
				18D28EC824EEA78F00BDEF49 /* LocomiViewController.swift in Sources */,
				18D262F324ED6C38003972F0 /* AppDelegate.swift in Sources */,
				18D28ED124EF960800BDEF49 /* Struct.swift in Sources */,
				18D28ECF24EF95A800BDEF49 /* APIRequest.swift in Sources */,
				18D28EE224F0094500BDEF49 /* LocationManager.swift in Sources */,
				18D262F524ED6C38003972F0 /* SceneDelegate.swift in Sources */,
				18D28EDD24F000E900BDEF49 /* LoginView.swift in Sources */,
				18D28EDB24F0001600BDEF49 /* AccountViewController.swift in Sources */,
			);
			runOnlyForDeploymentPostprocessing = 0;
		};
/* End PBXSourcesBuildPhase section */

/* Begin PBXVariantGroup section */
		18D262F824ED6C38003972F0 /* Main.storyboard */ = {
			isa = PBXVariantGroup;
			children = (
				18D262F924ED6C38003972F0 /* Base */,
			);
			name = Main.storyboard;
			sourceTree = "<group>";
		};
		18D262FD24ED6C3B003972F0 /* LaunchScreen.storyboard */ = {
			isa = PBXVariantGroup;
			children = (
				18D262FE24ED6C3B003972F0 /* Base */,
			);
			name = LaunchScreen.storyboard;
			sourceTree = "<group>";
		};
/* End PBXVariantGroup section */

/* Begin XCBuildConfiguration section */
		18D2630124ED6C3B003972F0 /* Debug */ = {
			isa = XCBuildConfiguration;
			buildSettings = {
				ALWAYS_SEARCH_USER_PATHS = NO;
				CLANG_ANALYZER_NONNULL = YES;
				CLANG_ANALYZER_NUMBER_OBJECT_CONVERSION = YES_AGGRESSIVE;
				CLANG_CXX_LANGUAGE_STANDARD = "gnu++14";
				CLANG_CXX_LIBRARY = "libc++";
				CLANG_ENABLE_MODULES = YES;
				CLANG_ENABLE_OBJC_ARC = YES;
				CLANG_ENABLE_OBJC_WEAK = YES;
				CLANG_WARN_BLOCK_CAPTURE_AUTORELEASING = YES;
				CLANG_WARN_BOOL_CONVERSION = YES;
				CLANG_WARN_COMMA = YES;
				CLANG_WARN_CONSTANT_CONVERSION = YES;
				CLANG_WARN_DEPRECATED_OBJC_IMPLEMENTATIONS = YES;
				CLANG_WARN_DIRECT_OBJC_ISA_USAGE = YES_ERROR;
				CLANG_WARN_DOCUMENTATION_COMMENTS = YES;
				CLANG_WARN_EMPTY_BODY = YES;
				CLANG_WARN_ENUM_CONVERSION = YES;
				CLANG_WARN_INFINITE_RECURSION = YES;
				CLANG_WARN_INT_CONVERSION = YES;
				CLANG_WARN_NON_LITERAL_NULL_CONVERSION = YES;
				CLANG_WARN_OBJC_IMPLICIT_RETAIN_SELF = YES;
				CLANG_WARN_OBJC_LITERAL_CONVERSION = YES;
				CLANG_WARN_OBJC_ROOT_CLASS = YES_ERROR;
				CLANG_WARN_RANGE_LOOP_ANALYSIS = YES;
				CLANG_WARN_STRICT_PROTOTYPES = YES;
				CLANG_WARN_SUSPICIOUS_MOVE = YES;
				CLANG_WARN_UNGUARDED_AVAILABILITY = YES_AGGRESSIVE;
				CLANG_WARN_UNREACHABLE_CODE = YES;
				CLANG_WARN__DUPLICATE_METHOD_MATCH = YES;
				COPY_PHASE_STRIP = NO;
				DEBUG_INFORMATION_FORMAT = dwarf;
				ENABLE_STRICT_OBJC_MSGSEND = YES;
				ENABLE_TESTABILITY = YES;
				GCC_C_LANGUAGE_STANDARD = gnu11;
				GCC_DYNAMIC_NO_PIC = NO;
				GCC_NO_COMMON_BLOCKS = YES;
				GCC_OPTIMIZATION_LEVEL = 0;
				GCC_PREPROCESSOR_DEFINITIONS = (
					"DEBUG=1",
					"$(inherited)",
				);
				GCC_WARN_64_TO_32_BIT_CONVERSION = YES;
				GCC_WARN_ABOUT_RETURN_TYPE = YES_ERROR;
				GCC_WARN_UNDECLARED_SELECTOR = YES;
				GCC_WARN_UNINITIALIZED_AUTOS = YES_AGGRESSIVE;
				GCC_WARN_UNUSED_FUNCTION = YES;
				GCC_WARN_UNUSED_VARIABLE = YES;
				IPHONEOS_DEPLOYMENT_TARGET = 13.5;
				MTL_ENABLE_DEBUG_INFO = INCLUDE_SOURCE;
				MTL_FAST_MATH = YES;
				ONLY_ACTIVE_ARCH = YES;
				SDKROOT = iphoneos;
				SWIFT_ACTIVE_COMPILATION_CONDITIONS = DEBUG;
				SWIFT_OPTIMIZATION_LEVEL = "-Onone";
			};
			name = Debug;
		};
		18D2630224ED6C3B003972F0 /* Release */ = {
			isa = XCBuildConfiguration;
			buildSettings = {
				ALWAYS_SEARCH_USER_PATHS = NO;
				CLANG_ANALYZER_NONNULL = YES;
				CLANG_ANALYZER_NUMBER_OBJECT_CONVERSION = YES_AGGRESSIVE;
				CLANG_CXX_LANGUAGE_STANDARD = "gnu++14";
				CLANG_CXX_LIBRARY = "libc++";
				CLANG_ENABLE_MODULES = YES;
				CLANG_ENABLE_OBJC_ARC = YES;
				CLANG_ENABLE_OBJC_WEAK = YES;
				CLANG_WARN_BLOCK_CAPTURE_AUTORELEASING = YES;
				CLANG_WARN_BOOL_CONVERSION = YES;
				CLANG_WARN_COMMA = YES;
				CLANG_WARN_CONSTANT_CONVERSION = YES;
				CLANG_WARN_DEPRECATED_OBJC_IMPLEMENTATIONS = YES;
				CLANG_WARN_DIRECT_OBJC_ISA_USAGE = YES_ERROR;
				CLANG_WARN_DOCUMENTATION_COMMENTS = YES;
				CLANG_WARN_EMPTY_BODY = YES;
				CLANG_WARN_ENUM_CONVERSION = YES;
				CLANG_WARN_INFINITE_RECURSION = YES;
				CLANG_WARN_INT_CONVERSION = YES;
				CLANG_WARN_NON_LITERAL_NULL_CONVERSION = YES;
				CLANG_WARN_OBJC_IMPLICIT_RETAIN_SELF = YES;
				CLANG_WARN_OBJC_LITERAL_CONVERSION = YES;
				CLANG_WARN_OBJC_ROOT_CLASS = YES_ERROR;
				CLANG_WARN_RANGE_LOOP_ANALYSIS = YES;
				CLANG_WARN_STRICT_PROTOTYPES = YES;
				CLANG_WARN_SUSPICIOUS_MOVE = YES;
				CLANG_WARN_UNGUARDED_AVAILABILITY = YES_AGGRESSIVE;
				CLANG_WARN_UNREACHABLE_CODE = YES;
				CLANG_WARN__DUPLICATE_METHOD_MATCH = YES;
				COPY_PHASE_STRIP = NO;
				DEBUG_INFORMATION_FORMAT = "dwarf-with-dsym";
				ENABLE_NS_ASSERTIONS = NO;
				ENABLE_STRICT_OBJC_MSGSEND = YES;
				GCC_C_LANGUAGE_STANDARD = gnu11;
				GCC_NO_COMMON_BLOCKS = YES;
				GCC_WARN_64_TO_32_BIT_CONVERSION = YES;
				GCC_WARN_ABOUT_RETURN_TYPE = YES_ERROR;
				GCC_WARN_UNDECLARED_SELECTOR = YES;
				GCC_WARN_UNINITIALIZED_AUTOS = YES_AGGRESSIVE;
				GCC_WARN_UNUSED_FUNCTION = YES;
				GCC_WARN_UNUSED_VARIABLE = YES;
				IPHONEOS_DEPLOYMENT_TARGET = 13.5;
				MTL_ENABLE_DEBUG_INFO = NO;
				MTL_FAST_MATH = YES;
				SDKROOT = iphoneos;
				SWIFT_COMPILATION_MODE = wholemodule;
				SWIFT_OPTIMIZATION_LEVEL = "-O";
				VALIDATE_PRODUCT = YES;
			};
			name = Release;
		};
		18D2630424ED6C3B003972F0 /* Debug */ = {
			isa = XCBuildConfiguration;
			baseConfigurationReference = 47CCB22862FEFD2901297F09 /* Pods-ARCoreLocationLesson.debug.xcconfig */;
			buildSettings = {
				ASSETCATALOG_COMPILER_APPICON_NAME = AppIcon;
				CODE_SIGN_STYLE = Automatic;
				DEVELOPMENT_TEAM = 5F65GUXV3Q;
				INFOPLIST_FILE = ARCoreLocationLesson/Info.plist;
				LD_RUNPATH_SEARCH_PATHS = (
					"$(inherited)",
					"@executable_path/Frameworks",
				);
				MARKETING_VERSION = 1.1.0;
				PRODUCT_BUNDLE_IDENTIFIER = com.sogo.locomiLens;
				PRODUCT_NAME = "$(TARGET_NAME)";
				SWIFT_VERSION = 5.0;
				TARGETED_DEVICE_FAMILY = "1,2";
			};
			name = Debug;
		};
		18D2630524ED6C3B003972F0 /* Release */ = {
			isa = XCBuildConfiguration;
			baseConfigurationReference = 46D8AF09C5487EA724044E22 /* Pods-ARCoreLocationLesson.release.xcconfig */;
			buildSettings = {
				ASSETCATALOG_COMPILER_APPICON_NAME = AppIcon;
				CODE_SIGN_STYLE = Automatic;
				DEVELOPMENT_TEAM = 5F65GUXV3Q;
				INFOPLIST_FILE = ARCoreLocationLesson/Info.plist;
				LD_RUNPATH_SEARCH_PATHS = (
					"$(inherited)",
					"@executable_path/Frameworks",
				);
				MARKETING_VERSION = 1.1.0;
				PRODUCT_BUNDLE_IDENTIFIER = com.sogo.locomiLens;
				PRODUCT_NAME = "$(TARGET_NAME)";
				SWIFT_VERSION = 5.0;
				TARGETED_DEVICE_FAMILY = "1,2";
			};
			name = Release;
		};
/* End XCBuildConfiguration section */

/* Begin XCConfigurationList section */
		18D262EA24ED6C38003972F0 /* Build configuration list for PBXProject "ARCoreLocationLesson" */ = {
			isa = XCConfigurationList;
			buildConfigurations = (
				18D2630124ED6C3B003972F0 /* Debug */,
				18D2630224ED6C3B003972F0 /* Release */,
			);
			defaultConfigurationIsVisible = 0;
			defaultConfigurationName = Release;
		};
		18D2630324ED6C3B003972F0 /* Build configuration list for PBXNativeTarget "ARCoreLocationLesson" */ = {
			isa = XCConfigurationList;
			buildConfigurations = (
				18D2630424ED6C3B003972F0 /* Debug */,
				18D2630524ED6C3B003972F0 /* Release */,
			);
			defaultConfigurationIsVisible = 0;
			defaultConfigurationName = Release;
		};
/* End XCConfigurationList section */
	};
	rootObject = 18D262E724ED6C38003972F0 /* Project object */;
}
